
Microsoft Visual Studio Solution File, Format Version 12.00
# Visual Studio 14
VisualStudioVersion = 14.0.25420.1
MinimumVisualStudioVersion = 10.0.40219.1
Project("{2150E333-8FDC-42A3-9474-1A3956D46DE8}") = "common types", "common types", "{6F856876-20DA-4660-8369-EA890A38829C}"
EndProject
Project("{2150E333-8FDC-42A3-9474-1A3956D46DE8}") = "server", "server", "{D54478A5-1EF6-489F-9387-7566E7617BCA}"
EndProject
Project("{2150E333-8FDC-42A3-9474-1A3956D46DE8}") = "client", "client", "{FFC1BCED-E712-4D61-97FC-94BB3A711C28}"
EndProject
Project("{FAE04EC0-301F-11D3-BF4B-00C04F79EFBC}") = "CommonTypes", "CommonTypes\CommonTypes.csproj", "{541F1107-8C88-4B41-BFC1-92C7D8A2260F}"
EndProject
Project("{2150E333-8FDC-42A3-9474-1A3956D46DE8}") = "BL", "BL", "{8EA07F9B-99EE-48D1-B37F-8E13D80B61C2}"
EndProject
Project("{2150E333-8FDC-42A3-9474-1A3956D46DE8}") = "UI", "UI", "{DFD79006-69B4-442B-A278-9D9D769A3F17}"
EndProject
Project("{FAE04EC0-301F-11D3-BF4B-00C04F79EFBC}") = "ServerBL", "ServerBL\ServerBL.csproj", "{94E922A2-A51A-4AB9-BDF5-5A54C2F3996A}"
EndProject
Project("{2150E333-8FDC-42A3-9474-1A3956D46DE8}") = "UI", "UI", "{4B837FF7-126E-4051-B324-FD8B87BE7FEB}"
EndProject
Project("{2150E333-8FDC-42A3-9474-1A3956D46DE8}") = "BL", "BL", "{102C9F75-E6D9-4C9F-9D69-6F58191509A9}"
EndProject
Project("{FAE04EC0-301F-11D3-BF4B-00C04F79EFBC}") = "ClientBL", "ClientBL\ClientBL.csproj", "{1F4E4643-148D-4DC1-9E00-70C0DAE29260}"
EndProject
Project("{FAE04EC0-301F-11D3-BF4B-00C04F79EFBC}") = "ServerUI", "ServerUI\ServerUI.csproj", "{D2300025-2C47-4FA0-B0FC-9205BBD4A777}"
EndProject
Project("{FAE04EC0-301F-11D3-BF4B-00C04F79EFBC}") = "ClientUI", "ClientUI\ClientUI.csproj", "{AD313D2A-04EB-4B56-A09C-AA25439D9DA2}"
EndProject
Project("{2150E333-8FDC-42A3-9474-1A3956D46DE8}") = "DAL", "DAL", "{A3178A80-6E52-49DB-8799-59018A02D148}"
EndProject
Project("{FAE04EC0-301F-11D3-BF4B-00C04F79EFBC}") = "DAL", "ProductManagment\DAL.csproj", "{F8243BE9-2B4F-494E-811A-E631FE9836B8}"
EndProject
Global
	GlobalSection(SolutionConfigurationPlatforms) = preSolution
		Debug|Any CPU = Debug|Any CPU
		Release|Any CPU = Release|Any CPU
	EndGlobalSection
	GlobalSection(ProjectConfigurationPlatforms) = postSolution
		{541F1107-8C88-4B41-BFC1-92C7D8A2260F}.Debug|Any CPU.ActiveCfg = Debug|Any CPU
		{541F1107-8C88-4B41-BFC1-92C7D8A2260F}.Debug|Any CPU.Build.0 = Debug|Any CPU
		{541F1107-8C88-4B41-BFC1-92C7D8A2260F}.Release|Any CPU.ActiveCfg = Release|Any CPU
		{541F1107-8C88-4B41-BFC1-92C7D8A2260F}.Release|Any CPU.Build.0 = Release|Any CPU
		{94E922A2-A51A-4AB9-BDF5-5A54C2F3996A}.Debug|Any CPU.ActiveCfg = Debug|Any CPU
		{94E922A2-A51A-4AB9-BDF5-5A54C2F3996A}.Debug|Any CPU.Build.0 = Debug|Any CPU
		{94E922A2-A51A-4AB9-BDF5-5A54C2F3996A}.Release|Any CPU.ActiveCfg = Release|Any CPU
		{94E922A2-A51A-4AB9-BDF5-5A54C2F3996A}.Release|Any CPU.Build.0 = Release|Any CPU
		{1F4E4643-148D-4DC1-9E00-70C0DAE29260}.Debug|Any CPU.ActiveCfg = Debug|Any CPU
		{1F4E4643-148D-4DC1-9E00-70C0DAE29260}.Debug|Any CPU.Build.0 = Debug|Any CPU
		{1F4E4643-148D-4DC1-9E00-70C0DAE29260}.Release|Any CPU.ActiveCfg = Release|Any CPU
		{1F4E4643-148D-4DC1-9E00-70C0DAE29260}.Release|Any CPU.Build.0 = Release|Any CPU
		{D2300025-2C47-4FA0-B0FC-9205BBD4A777}.Debug|Any CPU.ActiveCfg = Debug|Any CPU
		{D2300025-2C47-4FA0-B0FC-9205BBD4A777}.Debug|Any CPU.Build.0 = Debug|Any CPU
		{D2300025-2C47-4FA0-B0FC-9205BBD4A777}.Release|Any CPU.ActiveCfg = Release|Any CPU
		{D2300025-2C47-4FA0-B0FC-9205BBD4A777}.Release|Any CPU.Build.0 = Release|Any CPU
		{AD313D2A-04EB-4B56-A09C-AA25439D9DA2}.Debug|Any CPU.ActiveCfg = Debug|Any CPU
		{AD313D2A-04EB-4B56-A09C-AA25439D9DA2}.Debug|Any CPU.Build.0 = Debug|Any CPU
		{AD313D2A-04EB-4B56-A09C-AA25439D9DA2}.Release|Any CPU.ActiveCfg = Release|Any CPU
		{AD313D2A-04EB-4B56-A09C-AA25439D9DA2}.Release|Any CPU.Build.0 = Release|Any CPU
		{F8243BE9-2B4F-494E-811A-E631FE9836B8}.Debug|Any CPU.ActiveCfg = Debug|Any CPU
		{F8243BE9-2B4F-494E-811A-E631FE9836B8}.Debug|Any CPU.Build.0 = Debug|Any CPU
		{F8243BE9-2B4F-494E-811A-E631FE9836B8}.Release|Any CPU.ActiveCfg = Release|Any CPU
		{F8243BE9-2B4F-494E-811A-E631FE9836B8}.Release|Any CPU.Build.0 = Release|Any CPU
	EndGlobalSection
	GlobalSection(SolutionProperties) = preSolution
		HideSolutionNode = FALSE
	EndGlobalSection
	GlobalSection(NestedProjects) = preSolution
		{541F1107-8C88-4B41-BFC1-92C7D8A2260F} = {6F856876-20DA-4660-8369-EA890A38829C}
		{8EA07F9B-99EE-48D1-B37F-8E13D80B61C2} = {D54478A5-1EF6-489F-9387-7566E7617BCA}
		{DFD79006-69B4-442B-A278-9D9D769A3F17} = {D54478A5-1EF6-489F-9387-7566E7617BCA}
		{94E922A2-A51A-4AB9-BDF5-5A54C2F3996A} = {8EA07F9B-99EE-48D1-B37F-8E13D80B61C2}
		{4B837FF7-126E-4051-B324-FD8B87BE7FEB} = {FFC1BCED-E712-4D61-97FC-94BB3A711C28}
		{102C9F75-E6D9-4C9F-9D69-6F58191509A9} = {FFC1BCED-E712-4D61-97FC-94BB3A711C28}
		{1F4E4643-148D-4DC1-9E00-70C0DAE29260} = {102C9F75-E6D9-4C9F-9D69-6F58191509A9}
		{D2300025-2C47-4FA0-B0FC-9205BBD4A777} = {DFD79006-69B4-442B-A278-9D9D769A3F17}
		{AD313D2A-04EB-4B56-A09C-AA25439D9DA2} = {4B837FF7-126E-4051-B324-FD8B87BE7FEB}
		{A3178A80-6E52-49DB-8799-59018A02D148} = {D54478A5-1EF6-489F-9387-7566E7617BCA}
		{F8243BE9-2B4F-494E-811A-E631FE9836B8} = {A3178A80-6E52-49DB-8799-59018A02D148}
	EndGlobalSection
EndGlobal
